
Microsoft Visual Studio Solution File, Format Version 12.00
# Visual Studio Version 17
VisualStudioVersion = 17.0.31903.59
MinimumVisualStudioVersion = 10.0.40219.1
Project("{FAE04EC0-301F-11D3-BF4B-00C04F79EFBC}") = "ConsultantPortal.Shared.Models", "src\ConsultantPortal.Shared\Models\ConsultantPortal.Shared.Models.csproj", "{8A6FD543-0759-DB0B-5F2B-DB5202B3964A}"
EndProject
Project("{FAE04EC0-301F-11D3-BF4B-00C04F79EFBC}") = "ConsultantPortal.Api", "src\ConsultantPortal.WebApi\ConsultantPortal.Api.csproj", "{DC7D8D1A-A860-0CCD-2112-232B1D2DAFF8}"
EndProject
Global
	GlobalSection(SolutionConfigurationPlatforms) = preSolution
		Debug|Any CPU = Debug|Any CPU
		Release|Any CPU = Release|Any CPU
	EndGlobalSection
	GlobalSection(ProjectConfigurationPlatforms) = postSolution
		{8A6FD543-0759-DB0B-5F2B-DB5202B3964A}.Debug|Any CPU.ActiveCfg = Debug|Any CPU
		{8A6FD543-0759-DB0B-5F2B-DB5202B3964A}.Debug|Any CPU.Build.0 = Debug|Any CPU
		{8A6FD543-0759-DB0B-5F2B-DB5202B3964A}.Release|Any CPU.ActiveCfg = Release|Any CPU
		{8A6FD543-0759-DB0B-5F2B-DB5202B3964A}.Release|Any CPU.Build.0 = Release|Any CPU
		{DC7D8D1A-A860-0CCD-2112-232B1D2DAFF8}.Debug|Any CPU.ActiveCfg = Debug|Any CPU
		{DC7D8D1A-A860-0CCD-2112-232B1D2DAFF8}.Debug|Any CPU.Build.0 = Debug|Any CPU
		{DC7D8D1A-A860-0CCD-2112-232B1D2DAFF8}.Release|Any CPU.ActiveCfg = Release|Any CPU
		{DC7D8D1A-A860-0CCD-2112-232B1D2DAFF8}.Release|Any CPU.Build.0 = Release|Any CPU
	EndGlobalSection
	GlobalSection(SolutionProperties) = preSolution
		HideSolutionNode = FALSE
	EndGlobalSection
EndGlobal
